# This is a Gradle generated file for dependency locking.
# Manual edits can break the build and are not advised.
# This file is expected to be part of source control.
ch.qos.logback:logback-classic:1.2.11=compileClasspath,implementationDependenciesMetadata,productionRuntimeClasspath,runtimeClasspath,testCompileClasspath,testImplementationDependenciesMetadata,testRuntimeClasspath
ch.qos.logback:logback-core:1.2.11=compileClasspath,implementationDependenciesMetadata,productionRuntimeClasspath,runtimeClasspath,testCompileClasspath,testImplementationDependenciesMetadata,testRuntimeClasspath
co.elastic.clients:elasticsearch-java:7.17.3=productionRuntimeClasspath,runtimeClasspath,testRuntimeClasspath
com.carrotsearch:hppc:0.8.1=productionRuntimeClasspath,runtimeClasspath,testRuntimeClasspath
com.fasterxml.jackson.core:jackson-annotations:2.13.3=compileClasspath,implementationDependenciesMetadata,productionRuntimeClasspath,runtimeClasspath,testCompileClasspath,testImplementationDependenciesMetadata,testRuntimeClasspath
com.fasterxml.jackson.core:jackson-core:2.13.3=compileClasspath,implementationDependenciesMetadata,productionRuntimeClasspath,runtimeClasspath,testCompileClasspath,testImplementationDependenciesMetadata,testRuntimeClasspath
com.fasterxml.jackson.core:jackson-databind:2.13.3=compileClasspath,implementationDependenciesMetadata,productionRuntimeClasspath,runtimeClasspath,testCompileClasspath,testImplementationDependenciesMetadata,testRuntimeClasspath
com.fasterxml.jackson.dataformat:jackson-dataformat-cbor:2.13.3=productionRuntimeClasspath,runtimeClasspath,testRuntimeClasspath
com.fasterxml.jackson.dataformat:jackson-dataformat-smile:2.13.3=productionRuntimeClasspath,runtimeClasspath,testRuntimeClasspath
com.fasterxml.jackson.dataformat:jackson-dataformat-yaml:2.13.3=productionRuntimeClasspath,runtimeClasspath,testRuntimeClasspath
com.fasterxml.jackson.datatype:jackson-datatype-jdk8:2.13.3=compileClasspath,implementationDependenciesMetadata,productionRuntimeClasspath,runtimeClasspath,testCompileClasspath,testImplementationDependenciesMetadata,testRuntimeClasspath
com.fasterxml.jackson.datatype:jackson-datatype-jsr310:2.13.3=compileClasspath,implementationDependenciesMetadata,productionRuntimeClasspath,runtimeClasspath,testCompileClasspath,testImplementationDependenciesMetadata,testRuntimeClasspath
com.fasterxml.jackson.jaxrs:jackson-jaxrs-base:2.13.3=productionRuntimeClasspath,runtimeClasspath,testRuntimeClasspath
com.fasterxml.jackson.jaxrs:jackson-jaxrs-json-provider:2.13.3=productionRuntimeClasspath,runtimeClasspath,testRuntimeClasspath
com.fasterxml.jackson.module:jackson-module-jaxb-annotations:2.13.3=productionRuntimeClasspath,runtimeClasspath,testRuntimeClasspath
com.fasterxml.jackson.module:jackson-module-kotlin:2.13.3=compileClasspath,implementationDependenciesMetadata,productionRuntimeClasspath,runtimeClasspath,testCompileClasspath,testImplementationDependenciesMetadata,testRuntimeClasspath
com.fasterxml.jackson.module:jackson-module-parameter-names:2.13.3=compileClasspath,implementationDependenciesMetadata,productionRuntimeClasspath,runtimeClasspath,testCompileClasspath,testImplementationDependenciesMetadata,testRuntimeClasspath
com.fasterxml.jackson:jackson-bom:2.13.3=compileClasspath,implementationDependenciesMetadata,productionRuntimeClasspath,runtimeClasspath,testCompileClasspath,testImplementationDependenciesMetadata,testRuntimeClasspath
com.fasterxml:classmate:1.5.1=productionRuntimeClasspath,runtimeClasspath,testRuntimeClasspath
com.github.ben-manes.caffeine:caffeine:2.9.3=productionRuntimeClasspath,runtimeClasspath,testRuntimeClasspath
com.github.spullara.mustache.java:compiler:0.9.6=productionRuntimeClasspath,runtimeClasspath,testRuntimeClasspath
com.github.stephenc.jcip:jcip-annotations:1.0-1=productionRuntimeClasspath,runtimeClasspath,testRuntimeClasspath
com.google.code.findbugs:jsr305:3.0.2=productionRuntimeClasspath,runtimeClasspath,testRuntimeClasspath
com.google.code.gson:gson:2.9.0=productionRuntimeClasspath,runtimeClasspath,testRuntimeClasspath
com.google.errorprone:error_prone_annotations:2.10.0=productionRuntimeClasspath,runtimeClasspath,testRuntimeClasspath
com.googlecode.javaewah:JavaEWAH:1.1.12=productionRuntimeClasspath,runtimeClasspath,testRuntimeClasspath
com.graphql-java:graphql-java:18.1=compileClasspath,implementationDependenciesMetadata,productionRuntimeClasspath,runtimeClasspath,testCompileClasspath,testImplementationDependenciesMetadata,testRuntimeClasspath
com.graphql-java:java-dataloader:3.1.2=compileClasspath,implementationDependenciesMetadata,productionRuntimeClasspath,runtimeClasspath,testCompileClasspath,testImplementationDependenciesMetadata,testRuntimeClasspath
com.jayway.jsonpath:json-path:2.7.0=testCompileClasspath,testImplementationDependenciesMetadata,testRuntimeClasspath
com.nimbusds:content-type:2.2=productionRuntimeClasspath,runtimeClasspath,testRuntimeClasspath
com.nimbusds:lang-tag:1.6=productionRuntimeClasspath,runtimeClasspath,testRuntimeClasspath
com.nimbusds:nimbus-jose-jwt:9.22=productionRuntimeClasspath,runtimeClasspath,testRuntimeClasspath
com.nimbusds:oauth2-oidc-sdk:9.35=productionRuntimeClasspath,runtimeClasspath,testRuntimeClasspath
com.opencsv:opencsv:5.2=productionRuntimeClasspath,runtimeClasspath,testRuntimeClasspath
com.rabbitmq:amqp-client:5.14.2=productionRuntimeClasspath,runtimeClasspath,testRuntimeClasspath
com.slack.api:slack-api-client:1.20.2=productionRuntimeClasspath,runtimeClasspath,testRuntimeClasspath
com.slack.api:slack-api-model:1.20.2=productionRuntimeClasspath,runtimeClasspath,testRuntimeClasspath
com.squareup.moshi:moshi:1.8.0=productionRuntimeClasspath,runtimeClasspath,testRuntimeClasspath
com.squareup.okhttp3:logging-interceptor:4.9.3=productionRuntimeClasspath,runtimeClasspath,testRuntimeClasspath
com.squareup.okhttp3:okhttp:4.9.3=productionRuntimeClasspath,runtimeClasspath,testRuntimeClasspath
com.squareup.okio:okio:2.8.0=productionRuntimeClasspath,runtimeClasspath,testRuntimeClasspath
com.squareup.retrofit2:converter-moshi:2.9.0=productionRuntimeClasspath,runtimeClasspath,testRuntimeClasspath
com.squareup.retrofit2:retrofit:2.9.0=productionRuntimeClasspath,runtimeClasspath,testRuntimeClasspath
com.sun.activation:jakarta.activation:1.2.2=productionRuntimeClasspath,runtimeClasspath,testRuntimeClasspath
com.sun.mail:jakarta.mail:1.6.7=productionRuntimeClasspath,runtimeClasspath,testRuntimeClasspath
com.tdunning:t-digest:3.2=productionRuntimeClasspath,runtimeClasspath,testRuntimeClasspath
com.vaadin.external.google:android-json:0.0.20131108.vaadin1=testCompileClasspath,testImplementationDependenciesMetadata,testRuntimeClasspath
com.zaxxer:HikariCP:4.0.3=compileClasspath,implementationDependenciesMetadata,productionRuntimeClasspath,runtimeClasspath,testCompileClasspath,testImplementationDependenciesMetadata,testRuntimeClasspath
commons-beanutils:commons-beanutils:1.9.4=productionRuntimeClasspath,runtimeClasspath,testRuntimeClasspath
commons-codec:commons-codec:1.15=compileClasspath,implementationDependenciesMetadata,productionRuntimeClasspath,runtimeClasspath,testCompileClasspath,testImplementationDependenciesMetadata,testRuntimeClasspath
commons-collections:commons-collections:3.2.2=productionRuntimeClasspath,runtimeClasspath,testRuntimeClasspath
commons-io:commons-io:2.6=productionRuntimeClasspath,runtimeClasspath,testRuntimeClasspath
commons-logging:commons-logging:1.2=productionRuntimeClasspath,runtimeClasspath,testRuntimeClasspath
io.jsonwebtoken:jjwt-api:0.11.2=productionRuntimeClasspath,runtimeClasspath,testRuntimeClasspath
io.jsonwebtoken:jjwt-impl:0.11.2=productionRuntimeClasspath,runtimeClasspath,testRuntimeClasspath
io.jsonwebtoken:jjwt-jackson:0.11.2=productionRuntimeClasspath,runtimeClasspath,testRuntimeClasspath
io.micrometer:micrometer-core:1.9.1=compileClasspath,implementationDependenciesMetadata,productionRuntimeClasspath,runtimeClasspath,testCompileClasspath,testImplementationDependenciesMetadata,testRuntimeClasspath
io.micrometer:micrometer-registry-elastic:1.9.1=productionRuntimeClasspath,runtimeClasspath,testRuntimeClasspath
io.micrometer:micrometer-registry-influx:1.9.1=productionRuntimeClasspath,runtimeClasspath,testRuntimeClasspath
io.micrometer:micrometer-registry-prometheus:1.9.1=productionRuntimeClasspath,runtimeClasspath,testRuntimeClasspath
io.prometheus:simpleclient:0.15.0=productionRuntimeClasspath,runtimeClasspath,testRuntimeClasspath
io.prometheus:simpleclient_common:0.15.0=productionRuntimeClasspath,runtimeClasspath,testRuntimeClasspath
io.prometheus:simpleclient_tracer_common:0.15.0=productionRuntimeClasspath,runtimeClasspath,testRuntimeClasspath
io.prometheus:simpleclient_tracer_otel:0.15.0=productionRuntimeClasspath,runtimeClasspath,testRuntimeClasspath
io.prometheus:simpleclient_tracer_otel_agent:0.15.0=productionRuntimeClasspath,runtimeClasspath,testRuntimeClasspath
jakarta.activation:jakarta.activation-api:1.2.2=productionRuntimeClasspath,runtimeClasspath,testCompileClasspath,testImplementationDependenciesMetadata,testRuntimeClasspath
jakarta.annotation:jakarta.annotation-api:1.3.5=compileClasspath,implementationDependenciesMetadata,productionRuntimeClasspath,runtimeClasspath,testCompileClasspath,testImplementationDependenciesMetadata,testRuntimeClasspath
jakarta.json:jakarta.json-api:1.1.6=productionRuntimeClasspath,runtimeClasspath,testRuntimeClasspath
jakarta.servlet:jakarta.servlet-api:4.0.4=productionRuntimeClasspath,runtimeClasspath,testRuntimeClasspath
jakarta.validation:jakarta.validation-api:2.0.2=productionRuntimeClasspath,runtimeClasspath,testRuntimeClasspath
jakarta.ws.rs:jakarta.ws.rs-api:2.1.6=productionRuntimeClasspath,runtimeClasspath,testRuntimeClasspath
jakarta.xml.bind:jakarta.xml.bind-api:2.3.3=productionRuntimeClasspath,runtimeClasspath,testCompileClasspath,testImplementationDependenciesMetadata,testRuntimeClasspath
javax.validation:validation-api:2.0.1.Final=compileClasspath,implementationDependenciesMetadata,productionRuntimeClasspath,runtimeClasspath,testCompileClasspath,testImplementationDependenciesMetadata,testRuntimeClasspath
joda-time:joda-time:2.10.10=productionRuntimeClasspath,runtimeClasspath,testRuntimeClasspath
net.bytebuddy:byte-buddy-agent:1.12.11=testCompileClasspath,testImplementationDependenciesMetadata,testRuntimeClasspath
net.bytebuddy:byte-buddy:1.12.11=testCompileClasspath,testImplementationDependenciesMetadata,testRuntimeClasspath
net.java.dev.jna:jna:5.10.0=productionRuntimeClasspath,runtimeClasspath,testRuntimeClasspath
net.java.dev.jna:jna:5.6.0=kotlinCompilerClasspath,kotlinKlibCommonizerClasspath
net.logstash.logback:logstash-logback-encoder:7.0.1=productionRuntimeClasspath,runtimeClasspath,testRuntimeClasspath
net.minidev:accessors-smart:2.4.8=productionRuntimeClasspath,runtimeClasspath,testCompileClasspath,testImplementationDependenciesMetadata,testRuntimeClasspath
net.minidev:json-smart:2.4.8=productionRuntimeClasspath,runtimeClasspath,testCompileClasspath,testImplementationDependenciesMetadata,testRuntimeClasspath
net.nemerosa.ontrack:ontrack-client:4.2.23=compileClasspath,implementationDependenciesMetadata,productionRuntimeClasspath,runtimeClasspath,testCompileClasspath,testImplementationDependenciesMetadata,testRuntimeClasspath
net.nemerosa.ontrack:ontrack-common:4.2.23=compileClasspath,implementationDependenciesMetadata,productionRuntimeClasspath,runtimeClasspath,testCompileClasspath,testImplementationDependenciesMetadata,testRuntimeClasspath
net.nemerosa.ontrack:ontrack-database:4.2.23=productionRuntimeClasspath,runtimeClasspath,testRuntimeClasspath
net.nemerosa.ontrack:ontrack-extension-api:4.2.23=compileClasspath,implementationDependenciesMetadata,productionRuntimeClasspath,runtimeClasspath,testCompileClasspath,testImplementationDependenciesMetadata,testRuntimeClasspath
net.nemerosa.ontrack:ontrack-extension-artifactory:4.2.23=productionRuntimeClasspath,runtimeClasspath,testRuntimeClasspath
net.nemerosa.ontrack:ontrack-extension-bitbucket-cloud:4.2.23=productionRuntimeClasspath,runtimeClasspath,testRuntimeClasspath
net.nemerosa.ontrack:ontrack-extension-casc:4.2.23=productionRuntimeClasspath,runtimeClasspath,testRuntimeClasspath
net.nemerosa.ontrack:ontrack-extension-chart:4.2.23=productionRuntimeClasspath,runtimeClasspath,testRuntimeClasspath
net.nemerosa.ontrack:ontrack-extension-combined:4.2.23=productionRuntimeClasspath,runtimeClasspath,testRuntimeClasspath
net.nemerosa.ontrack:ontrack-extension-delivery-metrics:4.2.23=productionRuntimeClasspath,runtimeClasspath,testRuntimeClasspath
net.nemerosa.ontrack:ontrack-extension-elastic:4.2.23=productionRuntimeClasspath,runtimeClasspath,testRuntimeClasspath
net.nemerosa.ontrack:ontrack-extension-general:4.2.23=productionRuntimeClasspath,runtimeClasspath,testRuntimeClasspath
net.nemerosa.ontrack:ontrack-extension-git:4.2.23=productionRuntimeClasspath,runtimeClasspath,testRuntimeClasspath
net.nemerosa.ontrack:ontrack-extension-github:4.2.23=productionRuntimeClasspath,runtimeClasspath,testRuntimeClasspath
net.nemerosa.ontrack:ontrack-extension-gitlab:4.2.23=productionRuntimeClasspath,runtimeClasspath,testRuntimeClasspath
net.nemerosa.ontrack:ontrack-extension-indicators:4.2.23=productionRuntimeClasspath,runtimeClasspath,testRuntimeClasspath
net.nemerosa.ontrack:ontrack-extension-influxdb:4.2.23=productionRuntimeClasspath,runtimeClasspath,testRuntimeClasspath
net.nemerosa.ontrack:ontrack-extension-issues:4.2.23=productionRuntimeClasspath,runtimeClasspath,testRuntimeClasspath
net.nemerosa.ontrack:ontrack-extension-jenkins:4.2.23=productionRuntimeClasspath,runtimeClasspath,testRuntimeClasspath
net.nemerosa.ontrack:ontrack-extension-jira:4.2.23=productionRuntimeClasspath,runtimeClasspath,testRuntimeClasspath
net.nemerosa.ontrack:ontrack-extension-ldap:4.2.23=productionRuntimeClasspath,runtimeClasspath,testRuntimeClasspath
net.nemerosa.ontrack:ontrack-extension-notifications:4.2.23=productionRuntimeClasspath,runtimeClasspath,testRuntimeClasspath
net.nemerosa.ontrack:ontrack-extension-oidc:4.2.23=productionRuntimeClasspath,runtimeClasspath,testRuntimeClasspath
net.nemerosa.ontrack:ontrack-extension-scm:4.2.23=productionRuntimeClasspath,runtimeClasspath,testRuntimeClasspath
net.nemerosa.ontrack:ontrack-extension-slack:4.2.23=productionRuntimeClasspath,runtimeClasspath,testRuntimeClasspath
net.nemerosa.ontrack:ontrack-extension-sonarqube:4.2.23=productionRuntimeClasspath,runtimeClasspath,testRuntimeClasspath
net.nemerosa.ontrack:ontrack-extension-stale:4.2.23=productionRuntimeClasspath,runtimeClasspath,testRuntimeClasspath
net.nemerosa.ontrack:ontrack-extension-stash:4.2.23=productionRuntimeClasspath,runtimeClasspath,testRuntimeClasspath
net.nemerosa.ontrack:ontrack-extension-support:4.2.23=compileClasspath,implementationDependenciesMetadata,productionRuntimeClasspath,runtimeClasspath,testCompileClasspath,testImplementationDependenciesMetadata,testRuntimeClasspath
net.nemerosa.ontrack:ontrack-extension-vault:4.2.23=productionRuntimeClasspath,runtimeClasspath,testRuntimeClasspath
net.nemerosa.ontrack:ontrack-git:4.2.23=productionRuntimeClasspath,runtimeClasspath,testRuntimeClasspath
net.nemerosa.ontrack:ontrack-job:4.2.23=compileClasspath,implementationDependenciesMetadata,productionRuntimeClasspath,runtimeClasspath,testCompileClasspath,testImplementationDependenciesMetadata,testRuntimeClasspath
net.nemerosa.ontrack:ontrack-json:4.2.23=compileClasspath,implementationDependenciesMetadata,productionRuntimeClasspath,runtimeClasspath,testCompileClasspath,testImplementationDependenciesMetadata,testRuntimeClasspath
net.nemerosa.ontrack:ontrack-model:4.2.23=compileClasspath,implementationDependenciesMetadata,productionRuntimeClasspath,runtimeClasspath,testCompileClasspath,testImplementationDependenciesMetadata,testRuntimeClasspath
net.nemerosa.ontrack:ontrack-rabbitmq:4.2.23=productionRuntimeClasspath,runtimeClasspath,testRuntimeClasspath
net.nemerosa.ontrack:ontrack-repository-impl:4.2.23=productionRuntimeClasspath,runtimeClasspath,testRuntimeClasspath
net.nemerosa.ontrack:ontrack-repository-support:4.2.23=productionRuntimeClasspath,runtimeClasspath,testRuntimeClasspath
net.nemerosa.ontrack:ontrack-repository:4.2.23=productionRuntimeClasspath,runtimeClasspath,testRuntimeClasspath
net.nemerosa.ontrack:ontrack-service:4.2.23=productionRuntimeClasspath,runtimeClasspath,testRuntimeClasspath
net.nemerosa.ontrack:ontrack-tx:4.2.23=compileClasspath,implementationDependenciesMetadata,productionRuntimeClasspath,runtimeClasspath,testCompileClasspath,testImplementationDependenciesMetadata,testRuntimeClasspath
net.nemerosa.ontrack:ontrack-ui-graphql:4.2.23=compileClasspath,implementationDependenciesMetadata,productionRuntimeClasspath,runtimeClasspath,testCompileClasspath,testImplementationDependenciesMetadata,testRuntimeClasspath
net.nemerosa.ontrack:ontrack-ui-support:4.2.23=compileClasspath,implementationDependenciesMetadata,productionRuntimeClasspath,runtimeClasspath,testCompileClasspath,testImplementationDependenciesMetadata,testRuntimeClasspath
net.nemerosa.ontrack:ontrack-ui:4.2.23=compileClasspath,implementationDependenciesMetadata,productionRuntimeClasspath,runtimeClasspath,testCompileClasspath,testImplementationDependenciesMetadata,testRuntimeClasspath
net.sf.jopt-simple:jopt-simple:5.0.2=productionRuntimeClasspath,runtimeClasspath,testRuntimeClasspath
org.antlr:antlr4-runtime:4.9.3=productionRuntimeClasspath,runtimeClasspath,testRuntimeClasspath
org.apache.commons:commons-collections4:4.4=productionRuntimeClasspath,runtimeClasspath,testRuntimeClasspath
org.apache.commons:commons-lang3:3.12.0=productionRuntimeClasspath,runtimeClasspath,testRuntimeClasspath
org.apache.commons:commons-math3:3.6.1=productionRuntimeClasspath,runtimeClasspath,testRuntimeClasspath
org.apache.commons:commons-text:1.8=productionRuntimeClasspath,runtimeClasspath,testRuntimeClasspath
org.apache.httpcomponents:httpasyncclient:4.1.5=productionRuntimeClasspath,runtimeClasspath,testRuntimeClasspath
org.apache.httpcomponents:httpclient:4.5.13=compileClasspath,implementationDependenciesMetadata,productionRuntimeClasspath,runtimeClasspath,testCompileClasspath,testImplementationDependenciesMetadata,testRuntimeClasspath
org.apache.httpcomponents:httpcore-nio:4.4.15=productionRuntimeClasspath,runtimeClasspath,testRuntimeClasspath
org.apache.httpcomponents:httpcore:4.4.15=compileClasspath,implementationDependenciesMetadata,productionRuntimeClasspath,runtimeClasspath,testCompileClasspath,testImplementationDependenciesMetadata,testRuntimeClasspath
org.apache.httpcomponents:httpmime:4.5.13=productionRuntimeClasspath,runtimeClasspath,testRuntimeClasspath
org.apache.logging.log4j:log4j-api:2.17.2=compileClasspath,implementationDependenciesMetadata,productionRuntimeClasspath,runtimeClasspath,testCompileClasspath,testImplementationDependenciesMetadata,testRuntimeClasspath
org.apache.logging.log4j:log4j-to-slf4j:2.17.2=compileClasspath,implementationDependenciesMetadata,productionRuntimeClasspath,runtimeClasspath,testCompileClasspath,testImplementationDependenciesMetadata,testRuntimeClasspath
org.apache.lucene:lucene-analyzers-common:8.11.1=productionRuntimeClasspath,runtimeClasspath,testRuntimeClasspath
org.apache.lucene:lucene-backward-codecs:8.11.1=productionRuntimeClasspath,runtimeClasspath,testRuntimeClasspath
org.apache.lucene:lucene-core:8.11.1=productionRuntimeClasspath,runtimeClasspath,testRuntimeClasspath
org.apache.lucene:lucene-grouping:8.11.1=productionRuntimeClasspath,runtimeClasspath,testRuntimeClasspath
org.apache.lucene:lucene-highlighter:8.11.1=productionRuntimeClasspath,runtimeClasspath,testRuntimeClasspath
org.apache.lucene:lucene-join:8.11.1=productionRuntimeClasspath,runtimeClasspath,testRuntimeClasspath
org.apache.lucene:lucene-memory:8.11.1=productionRuntimeClasspath,runtimeClasspath,testRuntimeClasspath
org.apache.lucene:lucene-misc:8.11.1=productionRuntimeClasspath,runtimeClasspath,testRuntimeClasspath
org.apache.lucene:lucene-queries:8.11.1=productionRuntimeClasspath,runtimeClasspath,testRuntimeClasspath
org.apache.lucene:lucene-queryparser:8.11.1=productionRuntimeClasspath,runtimeClasspath,testRuntimeClasspath
org.apache.lucene:lucene-sandbox:8.11.1=productionRuntimeClasspath,runtimeClasspath,testRuntimeClasspath
org.apache.lucene:lucene-spatial3d:8.11.1=productionRuntimeClasspath,runtimeClasspath,testRuntimeClasspath
org.apache.lucene:lucene-suggest:8.11.1=productionRuntimeClasspath,runtimeClasspath,testRuntimeClasspath
org.apache.tomcat.embed:tomcat-embed-core:9.0.64=compileClasspath,implementationDependenciesMetadata,productionRuntimeClasspath,runtimeClasspath,testCompileClasspath,testImplementationDependenciesMetadata,testRuntimeClasspath
org.apache.tomcat.embed:tomcat-embed-el:9.0.64=compileClasspath,implementationDependenciesMetadata,productionRuntimeClasspath,runtimeClasspath,testCompileClasspath,testImplementationDependenciesMetadata,testRuntimeClasspath
org.apache.tomcat.embed:tomcat-embed-websocket:9.0.64=compileClasspath,implementationDependenciesMetadata,productionRuntimeClasspath,runtimeClasspath,testCompileClasspath,testImplementationDependenciesMetadata,testRuntimeClasspath
org.apiguardian:apiguardian-api:1.1.2=testCompileClasspath,testImplementationDependenciesMetadata
org.aspectj:aspectjweaver:1.9.7=compileClasspath,implementationDependenciesMetadata,productionRuntimeClasspath,runtimeClasspath,testCompileClasspath,testImplementationDependenciesMetadata,testRuntimeClasspath
org.assertj:assertj-core:3.22.0=testCompileClasspath,testImplementationDependenciesMetadata,testRuntimeClasspath
org.attoparser:attoparser:2.0.5.RELEASE=compileClasspath,implementationDependenciesMetadata,productionRuntimeClasspath,runtimeClasspath,testCompileClasspath,testImplementationDependenciesMetadata,testRuntimeClasspath
org.checkerframework:checker-qual:3.19.0=productionRuntimeClasspath,runtimeClasspath,testRuntimeClasspath
org.eclipse.jgit:org.eclipse.jgit:5.13.0.202109080827-r=productionRuntimeClasspath,runtimeClasspath,testRuntimeClasspath
org.eclipse.parsson:parsson:1.0.0=productionRuntimeClasspath,runtimeClasspath,testRuntimeClasspath
org.elasticsearch.client:elasticsearch-rest-client:7.17.4=productionRuntimeClasspath,runtimeClasspath,testRuntimeClasspath
org.elasticsearch.client:elasticsearch-rest-high-level-client:7.17.4=productionRuntimeClasspath,runtimeClasspath,testRuntimeClasspath
org.elasticsearch.plugin:aggs-matrix-stats-client:7.17.4=productionRuntimeClasspath,runtimeClasspath,testRuntimeClasspath
org.elasticsearch.plugin:lang-mustache-client:7.17.4=productionRuntimeClasspath,runtimeClasspath,testRuntimeClasspath
org.elasticsearch.plugin:mapper-extras-client:7.17.4=productionRuntimeClasspath,runtimeClasspath,testRuntimeClasspath
org.elasticsearch.plugin:parent-join-client:7.17.4=productionRuntimeClasspath,runtimeClasspath,testRuntimeClasspath
org.elasticsearch.plugin:rank-eval-client:7.17.4=productionRuntimeClasspath,runtimeClasspath,testRuntimeClasspath
org.elasticsearch:elasticsearch-cli:7.17.4=productionRuntimeClasspath,runtimeClasspath,testRuntimeClasspath
org.elasticsearch:elasticsearch-core:7.17.4=productionRuntimeClasspath,runtimeClasspath,testRuntimeClasspath
org.elasticsearch:elasticsearch-geo:7.17.4=productionRuntimeClasspath,runtimeClasspath,testRuntimeClasspath
org.elasticsearch:elasticsearch-lz4:7.17.4=productionRuntimeClasspath,runtimeClasspath,testRuntimeClasspath
org.elasticsearch:elasticsearch-plugin-classloader:7.17.4=productionRuntimeClasspath,runtimeClasspath,testRuntimeClasspath
org.elasticsearch:elasticsearch-secure-sm:7.17.4=productionRuntimeClasspath,runtimeClasspath,testRuntimeClasspath
org.elasticsearch:elasticsearch-x-content:7.17.4=productionRuntimeClasspath,runtimeClasspath,testRuntimeClasspath
org.elasticsearch:elasticsearch:7.17.4=productionRuntimeClasspath,runtimeClasspath,testRuntimeClasspath
org.flywaydb:flyway-core:8.5.13=productionRuntimeClasspath,runtimeClasspath,testRuntimeClasspath
org.gitlab4j:gitlab4j-api:4.15.7=productionRuntimeClasspath,runtimeClasspath,testRuntimeClasspath
org.glassfish.hk2.external:aopalliance-repackaged:2.6.1=productionRuntimeClasspath,runtimeClasspath,testRuntimeClasspath
org.glassfish.hk2.external:jakarta.inject:2.6.1=productionRuntimeClasspath,runtimeClasspath,testRuntimeClasspath
org.glassfish.hk2:hk2-api:2.6.1=productionRuntimeClasspath,runtimeClasspath,testRuntimeClasspath
org.glassfish.hk2:hk2-locator:2.6.1=productionRuntimeClasspath,runtimeClasspath,testRuntimeClasspath
org.glassfish.hk2:hk2-utils:2.6.1=productionRuntimeClasspath,runtimeClasspath,testRuntimeClasspath
org.glassfish.hk2:osgi-resource-locator:1.0.3=productionRuntimeClasspath,runtimeClasspath,testRuntimeClasspath
org.glassfish.jersey.connectors:jersey-apache-connector:2.35=productionRuntimeClasspath,runtimeClasspath,testRuntimeClasspath
org.glassfish.jersey.core:jersey-client:2.35=productionRuntimeClasspath,runtimeClasspath,testRuntimeClasspath
org.glassfish.jersey.core:jersey-common:2.35=productionRuntimeClasspath,runtimeClasspath,testRuntimeClasspath
org.glassfish.jersey.inject:jersey-hk2:2.35=productionRuntimeClasspath,runtimeClasspath,testRuntimeClasspath
org.glassfish.jersey.media:jersey-media-multipart:2.35=productionRuntimeClasspath,runtimeClasspath,testRuntimeClasspath
org.hamcrest:hamcrest:2.2=testCompileClasspath,testImplementationDependenciesMetadata,testRuntimeClasspath
org.hdrhistogram:HdrHistogram:2.1.12=compileClasspath,implementationDependenciesMetadata,productionRuntimeClasspath,runtimeClasspath,testCompileClasspath,testImplementationDependenciesMetadata,testRuntimeClasspath
org.hibernate.validator:hibernate-validator:6.2.3.Final=productionRuntimeClasspath,runtimeClasspath,testRuntimeClasspath
org.influxdb:influxdb-java:2.22=productionRuntimeClasspath,runtimeClasspath,testRuntimeClasspath
org.javassist:javassist:3.25.0-GA=productionRuntimeClasspath,runtimeClasspath,testRuntimeClasspath
org.jboss.logging:jboss-logging:3.4.3.Final=productionRuntimeClasspath,runtimeClasspath,testRuntimeClasspath
org.jetbrains.intellij.deps:trove4j:1.0.20200330=kotlinCompilerClasspath,kotlinKlibCommonizerClasspath
org.jetbrains.kotlin:kotlin-allopen:1.6.21=kotlinCompilerPluginClasspathMain,kotlinCompilerPluginClasspathTest
org.jetbrains.kotlin:kotlin-compiler-embeddable:1.6.21=kotlinCompilerClasspath,kotlinKlibCommonizerClasspath
org.jetbrains.kotlin:kotlin-daemon-embeddable:1.6.21=kotlinCompilerClasspath,kotlinKlibCommonizerClasspath
org.jetbrains.kotlin:kotlin-gradle-plugin-api:1.6.21=kotlinCompilerPluginClasspathMain,kotlinCompilerPluginClasspathTest
org.jetbrains.kotlin:kotlin-gradle-plugin-model:1.6.21=kotlinCompilerPluginClasspathMain,kotlinCompilerPluginClasspathTest
org.jetbrains.kotlin:kotlin-klib-commonizer-embeddable:1.6.21=kotlinKlibCommonizerClasspath
org.jetbrains.kotlin:kotlin-native-utils:1.6.21=kotlinCompilerPluginClasspathMain,kotlinCompilerPluginClasspathTest
org.jetbrains.kotlin:kotlin-project-model:1.6.21=kotlinCompilerPluginClasspathMain,kotlinCompilerPluginClasspathTest
org.jetbrains.kotlin:kotlin-reflect:1.6.21=compileClasspath,implementationDependenciesMetadata,kotlinCompilerClasspath,kotlinKlibCommonizerClasspath,productionRuntimeClasspath,runtimeClasspath,testCompileClasspath,testImplementationDependenciesMetadata,testRuntimeClasspath
org.jetbrains.kotlin:kotlin-script-runtime:1.6.21=kotlinCompilerClasspath,kotlinCompilerPluginClasspathMain,kotlinCompilerPluginClasspathTest,kotlinKlibCommonizerClasspath
org.jetbrains.kotlin:kotlin-scripting-common:1.6.21=kotlinCompilerPluginClasspathMain,kotlinCompilerPluginClasspathTest
org.jetbrains.kotlin:kotlin-scripting-compiler-embeddable:1.6.21=kotlinCompilerPluginClasspathMain,kotlinCompilerPluginClasspathTest
org.jetbrains.kotlin:kotlin-scripting-compiler-impl-embeddable:1.6.21=kotlinCompilerPluginClasspathMain,kotlinCompilerPluginClasspathTest
org.jetbrains.kotlin:kotlin-scripting-jvm:1.6.21=kotlinCompilerPluginClasspathMain,kotlinCompilerPluginClasspathTest
org.jetbrains.kotlin:kotlin-stdlib-common:1.6.21=compileClasspath,implementationDependenciesMetadata,kotlinCompilerClasspath,kotlinCompilerPluginClasspathMain,kotlinCompilerPluginClasspathTest,kotlinKlibCommonizerClasspath,productionRuntimeClasspath,runtimeClasspath,testCompileClasspath,testImplementationDependenciesMetadata,testRuntimeClasspath
org.jetbrains.kotlin:kotlin-stdlib-jdk7:1.6.21=compileClasspath,implementationDependenciesMetadata,productionRuntimeClasspath,runtimeClasspath,testCompileClasspath,testImplementationDependenciesMetadata,testRuntimeClasspath
org.jetbrains.kotlin:kotlin-stdlib-jdk8:1.6.21=compileClasspath,implementationDependenciesMetadata,productionRuntimeClasspath,runtimeClasspath,testCompileClasspath,testImplementationDependenciesMetadata,testRuntimeClasspath
org.jetbrains.kotlin:kotlin-stdlib:1.6.21=compileClasspath,implementationDependenciesMetadata,kotlinCompilerClasspath,kotlinCompilerPluginClasspathMain,kotlinCompilerPluginClasspathTest,kotlinKlibCommonizerClasspath,productionRuntimeClasspath,runtimeClasspath,testCompileClasspath,testImplementationDependenciesMetadata,testRuntimeClasspath
org.jetbrains.kotlin:kotlin-util-io:1.6.21=kotlinCompilerPluginClasspathMain,kotlinCompilerPluginClasspathTest
org.jetbrains.kotlinx:kotlinx-coroutines-bom:1.6.3=productionRuntimeClasspath,runtimeClasspath,testRuntimeClasspath
org.jetbrains.kotlinx:kotlinx-coroutines-core-jvm:1.6.3=productionRuntimeClasspath,runtimeClasspath,testRuntimeClasspath
org.jetbrains.kotlinx:kotlinx-coroutines-core:1.6.3=productionRuntimeClasspath,runtimeClasspath,testRuntimeClasspath
org.jetbrains.kotlinx:kotlinx-coroutines-jdk8:1.6.3=productionRuntimeClasspath,runtimeClasspath,testRuntimeClasspath
org.jetbrains:annotations:13.0=compileClasspath,implementationDependenciesMetadata,kotlinCompilerClasspath,kotlinCompilerPluginClasspathMain,kotlinCompilerPluginClasspathTest,kotlinKlibCommonizerClasspath,productionRuntimeClasspath,runtimeClasspath,testCompileClasspath,testImplementationDependenciesMetadata,testRuntimeClasspath
org.jgrapht:jgrapht-core:1.3.0=productionRuntimeClasspath,runtimeClasspath,testRuntimeClasspath
org.jheaps:jheaps:0.9=productionRuntimeClasspath,runtimeClasspath,testRuntimeClasspath
org.junit.jupiter:junit-jupiter-api:5.8.2=testCompileClasspath,testImplementationDependenciesMetadata,testRuntimeClasspath
org.junit.jupiter:junit-jupiter-engine:5.8.2=testRuntimeClasspath
org.junit.jupiter:junit-jupiter-params:5.8.2=testCompileClasspath,testImplementationDependenciesMetadata,testRuntimeClasspath
org.junit.jupiter:junit-jupiter:5.8.2=testCompileClasspath,testImplementationDependenciesMetadata,testRuntimeClasspath
org.junit.platform:junit-platform-commons:1.8.2=testCompileClasspath,testImplementationDependenciesMetadata,testRuntimeClasspath
org.junit.platform:junit-platform-engine:1.8.2=testRuntimeClasspath
org.junit:junit-bom:5.8.2=testCompileClasspath,testImplementationDependenciesMetadata,testRuntimeClasspath
org.jvnet.mimepull:mimepull:1.9.13=productionRuntimeClasspath,runtimeClasspath,testRuntimeClasspath
org.latencyutils:LatencyUtils:2.0.3=productionRuntimeClasspath,runtimeClasspath,testRuntimeClasspath
org.lz4:lz4-java:1.8.0=productionRuntimeClasspath,runtimeClasspath,testRuntimeClasspath
org.mockito:mockito-core:4.5.1=testCompileClasspath,testImplementationDependenciesMetadata,testRuntimeClasspath
org.mockito:mockito-junit-jupiter:4.5.1=testCompileClasspath,testImplementationDependenciesMetadata,testRuntimeClasspath
org.msgpack:msgpack-core:0.9.0=productionRuntimeClasspath,runtimeClasspath,testRuntimeClasspath
org.objenesis:objenesis:3.2=testRuntimeClasspath
org.opentest4j:opentest4j:1.2.0=testCompileClasspath,testImplementationDependenciesMetadata,testRuntimeClasspath
org.ow2.asm:asm:9.1=productionRuntimeClasspath,runtimeClasspath,testCompileClasspath,testImplementationDependenciesMetadata,testRuntimeClasspath
org.postgresql:postgresql:42.3.6=productionRuntimeClasspath,runtimeClasspath,testRuntimeClasspath
org.reactivestreams:reactive-streams:1.0.4=compileClasspath,implementationDependenciesMetadata,productionRuntimeClasspath,runtimeClasspath,testCompileClasspath,testImplementationDependenciesMetadata,testRuntimeClasspath
org.skyscreamer:jsonassert:1.5.0=testCompileClasspath,testImplementationDependenciesMetadata,testRuntimeClasspath
org.slf4j:jul-to-slf4j:1.7.36=compileClasspath,implementationDependenciesMetadata,productionRuntimeClasspath,runtimeClasspath,testCompileClasspath,testImplementationDependenciesMetadata,testRuntimeClasspath
org.slf4j:slf4j-api:1.7.36=compileClasspath,implementationDependenciesMetadata,productionRuntimeClasspath,runtimeClasspath,testCompileClasspath,testImplementationDependenciesMetadata,testRuntimeClasspath
org.springframework.amqp:spring-amqp:2.4.6=productionRuntimeClasspath,runtimeClasspath,testRuntimeClasspath
org.springframework.amqp:spring-rabbit:2.4.6=productionRuntimeClasspath,runtimeClasspath,testRuntimeClasspath
org.springframework.boot:spring-boot-actuator-autoconfigure:2.7.1=compileClasspath,implementationDependenciesMetadata,productionRuntimeClasspath,runtimeClasspath,testCompileClasspath,testImplementationDependenciesMetadata,testRuntimeClasspath
org.springframework.boot:spring-boot-actuator:2.7.1=compileClasspath,implementationDependenciesMetadata,productionRuntimeClasspath,runtimeClasspath,testCompileClasspath,testImplementationDependenciesMetadata,testRuntimeClasspath
org.springframework.boot:spring-boot-autoconfigure:2.7.1=compileClasspath,implementationDependenciesMetadata,productionRuntimeClasspath,runtimeClasspath,testCompileClasspath,testImplementationDependenciesMetadata,testRuntimeClasspath
org.springframework.boot:spring-boot-starter-actuator:2.7.1=compileClasspath,implementationDependenciesMetadata,productionRuntimeClasspath,runtimeClasspath,testCompileClasspath,testImplementationDependenciesMetadata,testRuntimeClasspath
org.springframework.boot:spring-boot-starter-amqp:2.7.1=productionRuntimeClasspath,runtimeClasspath,testRuntimeClasspath
org.springframework.boot:spring-boot-starter-aop:2.7.1=compileClasspath,implementationDependenciesMetadata,productionRuntimeClasspath,runtimeClasspath,testCompileClasspath,testImplementationDependenciesMetadata,testRuntimeClasspath
org.springframework.boot:spring-boot-starter-cache:2.7.1=productionRuntimeClasspath,runtimeClasspath,testRuntimeClasspath
org.springframework.boot:spring-boot-starter-data-elasticsearch:2.7.1=productionRuntimeClasspath,runtimeClasspath,testRuntimeClasspath
org.springframework.boot:spring-boot-starter-jdbc:2.7.1=compileClasspath,implementationDependenciesMetadata,productionRuntimeClasspath,runtimeClasspath,testCompileClasspath,testImplementationDependenciesMetadata,testRuntimeClasspath
org.springframework.boot:spring-boot-starter-json:2.7.1=compileClasspath,implementationDependenciesMetadata,productionRuntimeClasspath,runtimeClasspath,testCompileClasspath,testImplementationDependenciesMetadata,testRuntimeClasspath
org.springframework.boot:spring-boot-starter-logging:2.7.1=compileClasspath,implementationDependenciesMetadata,productionRuntimeClasspath,runtimeClasspath,testCompileClasspath,testImplementationDependenciesMetadata,testRuntimeClasspath
org.springframework.boot:spring-boot-starter-mail:2.7.1=productionRuntimeClasspath,runtimeClasspath,testRuntimeClasspath
org.springframework.boot:spring-boot-starter-security:2.7.1=compileClasspath,implementationDependenciesMetadata,productionRuntimeClasspath,runtimeClasspath,testCompileClasspath,testImplementationDependenciesMetadata,testRuntimeClasspath
org.springframework.boot:spring-boot-starter-test:2.7.1=testCompileClasspath,testImplementationDependenciesMetadata,testRuntimeClasspath
org.springframework.boot:spring-boot-starter-thymeleaf:2.7.1=compileClasspath,implementationDependenciesMetadata,productionRuntimeClasspath,runtimeClasspath,testCompileClasspath,testImplementationDependenciesMetadata,testRuntimeClasspath
org.springframework.boot:spring-boot-starter-tomcat:2.7.1=compileClasspath,implementationDependenciesMetadata,productionRuntimeClasspath,runtimeClasspath,testCompileClasspath,testImplementationDependenciesMetadata,testRuntimeClasspath
org.springframework.boot:spring-boot-starter-web:2.7.1=compileClasspath,implementationDependenciesMetadata,productionRuntimeClasspath,runtimeClasspath,testCompileClasspath,testImplementationDependenciesMetadata,testRuntimeClasspath
org.springframework.boot:spring-boot-starter:2.7.1=compileClasspath,implementationDependenciesMetadata,productionRuntimeClasspath,runtimeClasspath,testCompileClasspath,testImplementationDependenciesMetadata,testRuntimeClasspath
org.springframework.boot:spring-boot-test-autoconfigure:2.7.1=testCompileClasspath,testImplementationDependenciesMetadata,testRuntimeClasspath
org.springframework.boot:spring-boot-test:2.7.1=testCompileClasspath,testImplementationDependenciesMetadata,testRuntimeClasspath
org.springframework.boot:spring-boot:2.7.1=compileClasspath,implementationDependenciesMetadata,productionRuntimeClasspath,runtimeClasspath,testCompileClasspath,testImplementationDependenciesMetadata,testRuntimeClasspath
org.springframework.data:spring-data-commons:2.7.1=productionRuntimeClasspath,runtimeClasspath,testRuntimeClasspath
org.springframework.data:spring-data-elasticsearch:4.4.1=productionRuntimeClasspath,runtimeClasspath,testRuntimeClasspath
org.springframework.ldap:spring-ldap-core:2.4.1=productionRuntimeClasspath,runtimeClasspath,testRuntimeClasspath
org.springframework.retry:spring-retry:1.3.3=productionRuntimeClasspath,runtimeClasspath,testRuntimeClasspath
org.springframework.security:spring-security-config:5.7.2=compileClasspath,implementationDependenciesMetadata,productionRuntimeClasspath,runtimeClasspath,testCompileClasspath,testImplementationDependenciesMetadata,testRuntimeClasspath
org.springframework.security:spring-security-core:5.7.2=compileClasspath,implementationDependenciesMetadata,productionRuntimeClasspath,runtimeClasspath,testCompileClasspath,testImplementationDependenciesMetadata,testRuntimeClasspath
org.springframework.security:spring-security-crypto:5.7.2=compileClasspath,implementationDependenciesMetadata,productionRuntimeClasspath,runtimeClasspath,testCompileClasspath,testImplementationDependenciesMetadata,testRuntimeClasspath
org.springframework.security:spring-security-ldap:5.7.2=productionRuntimeClasspath,runtimeClasspath,testRuntimeClasspath
org.springframework.security:spring-security-oauth2-client:5.7.2=productionRuntimeClasspath,runtimeClasspath,testRuntimeClasspath
org.springframework.security:spring-security-oauth2-core:5.7.2=productionRuntimeClasspath,runtimeClasspath,testRuntimeClasspath
org.springframework.security:spring-security-oauth2-jose:5.7.2=productionRuntimeClasspath,runtimeClasspath,testRuntimeClasspath
org.springframework.security:spring-security-web:5.7.2=compileClasspath,implementationDependenciesMetadata,productionRuntimeClasspath,runtimeClasspath,testCompileClasspath,testImplementationDependenciesMetadata,testRuntimeClasspath
org.springframework.vault:spring-vault-core:2.2.2.RELEASE=productionRuntimeClasspath,runtimeClasspath,testRuntimeClasspath
org.springframework:spring-aop:5.3.21=compileClasspath,implementationDependenciesMetadata,productionRuntimeClasspath,runtimeClasspath,testCompileClasspath,testImplementationDependenciesMetadata,testRuntimeClasspath
org.springframework:spring-beans:5.3.21=compileClasspath,implementationDependenciesMetadata,productionRuntimeClasspath,runtimeClasspath,testCompileClasspath,testImplementationDependenciesMetadata,testRuntimeClasspath
org.springframework:spring-context-support:5.3.21=productionRuntimeClasspath,runtimeClasspath,testRuntimeClasspath
org.springframework:spring-context:5.3.21=compileClasspath,implementationDependenciesMetadata,productionRuntimeClasspath,runtimeClasspath,testCompileClasspath,testImplementationDependenciesMetadata,testRuntimeClasspath
org.springframework:spring-core:5.3.21=compileClasspath,implementationDependenciesMetadata,productionRuntimeClasspath,runtimeClasspath,testCompileClasspath,testImplementationDependenciesMetadata,testRuntimeClasspath
org.springframework:spring-expression:5.3.21=compileClasspath,implementationDependenciesMetadata,productionRuntimeClasspath,runtimeClasspath,testCompileClasspath,testImplementationDependenciesMetadata,testRuntimeClasspath
org.springframework:spring-jcl:5.3.21=compileClasspath,implementationDependenciesMetadata,productionRuntimeClasspath,runtimeClasspath,testCompileClasspath,testImplementationDependenciesMetadata,testRuntimeClasspath
org.springframework:spring-jdbc:5.3.21=compileClasspath,implementationDependenciesMetadata,productionRuntimeClasspath,runtimeClasspath,testCompileClasspath,testImplementationDependenciesMetadata,testRuntimeClasspath
org.springframework:spring-messaging:5.3.21=productionRuntimeClasspath,runtimeClasspath,testRuntimeClasspath
org.springframework:spring-test:5.3.21=testCompileClasspath,testImplementationDependenciesMetadata,testRuntimeClasspath
org.springframework:spring-tx:5.3.21=compileClasspath,implementationDependenciesMetadata,productionRuntimeClasspath,runtimeClasspath,testCompileClasspath,testImplementationDependenciesMetadata,testRuntimeClasspath
org.springframework:spring-web:5.3.21=compileClasspath,implementationDependenciesMetadata,productionRuntimeClasspath,runtimeClasspath,testCompileClasspath,testImplementationDependenciesMetadata,testRuntimeClasspath
org.springframework:spring-webmvc:5.3.21=compileClasspath,implementationDependenciesMetadata,productionRuntimeClasspath,runtimeClasspath,testCompileClasspath,testImplementationDependenciesMetadata,testRuntimeClasspath
org.thymeleaf.extras:thymeleaf-extras-java8time:3.0.4.RELEASE=compileClasspath,implementationDependenciesMetadata,productionRuntimeClasspath,runtimeClasspath,testCompileClasspath,testImplementationDependenciesMetadata,testRuntimeClasspath
org.thymeleaf:thymeleaf-spring5:3.0.15.RELEASE=compileClasspath,implementationDependenciesMetadata,productionRuntimeClasspath,runtimeClasspath,testCompileClasspath,testImplementationDependenciesMetadata,testRuntimeClasspath
org.thymeleaf:thymeleaf:3.0.15.RELEASE=compileClasspath,implementationDependenciesMetadata,productionRuntimeClasspath,runtimeClasspath,testCompileClasspath,testImplementationDependenciesMetadata,testRuntimeClasspath
org.unbescape:unbescape:1.1.6.RELEASE=compileClasspath,implementationDependenciesMetadata,productionRuntimeClasspath,runtimeClasspath,testCompileClasspath,testImplementationDependenciesMetadata,testRuntimeClasspath
org.xmlunit:xmlunit-core:2.9.0=testCompileClasspath,testImplementationDependenciesMetadata,testRuntimeClasspath
org.yaml:snakeyaml:1.30=compileClasspath,implementationDependenciesMetadata,productionRuntimeClasspath,runtimeClasspath,testCompileClasspath,testImplementationDependenciesMetadata,testRuntimeClasspath
empty=annotationProcessor,apiDependenciesMetadata,compileOnlyDependenciesMetadata,developmentOnly,intransitiveDependenciesMetadata,kotlinCompilerPluginClasspath,kotlinNativeCompilerPluginClasspath,kotlinScriptDef,kotlinScriptDefExtensions,runtimeOnlyDependenciesMetadata,testAnnotationProcessor,testApiDependenciesMetadata,testCompileOnlyDependenciesMetadata,testIntransitiveDependenciesMetadata,testKotlinScriptDef,testKotlinScriptDefExtensions,testRuntimeOnlyDependenciesMetadata
